
Microsoft Visual Studio Solution File, Format Version 10.00
# Visual C++ Express 2008
Project("{8BC9CEB8-8B4A-11D0-8D11-00A0C91BC942}") = "opengl test", "opengl test\opengl test.vcproj", "{6281EA4D-D134-4613-8BE3-CBBF346DC804}"
EndProject
Global
	GlobalSection(SolutionConfigurationPlatforms) = preSolution
		Debug|Win32 = Debug|Win32
		Release|Win32 = Release|Win32
	EndGlobalSection
	GlobalSection(ProjectConfigurationPlatforms) = postSolution
		{6281EA4D-D134-4613-8BE3-CBBF346DC804}.Debug|Win32.ActiveCfg = Debug|Win32
		{6281EA4D-D134-4613-8BE3-CBBF346DC804}.Debug|Win32.Build.0 = Debug|Win32
		{6281EA4D-D134-4613-8BE3-CBBF346DC804}.Release|Win32.ActiveCfg = Release|Win32
		{6281EA4D-D134-4613-8BE3-CBBF346DC804}.Release|Win32.Build.0 = Release|Win32
	EndGlobalSection
	GlobalSection(SolutionProperties) = preSolution
		HideSolutionNode = FALSE
	EndGlobalSection
EndGlobal
